
Microsoft Visual Studio Solution File, Format Version 12.00
# Visual Studio Version 16
VisualStudioVersion = 16.0.29905.134
MinimumVisualStudioVersion = 10.0.40219.1
Project("{9A19103F-16F7-4668-BE54-9A1E7A4F7556}") = "NullMarketManager", "NullMarketManager\NullMarketManager.csproj", "{98B484F3-F599-42DD-8431-C2A99DBDF3BE}"
EndProject
Global
	GlobalSection(SolutionConfigurationPlatforms) = preSolution
		Debug|Any CPU = Debug|Any CPU
		Release|Any CPU = Release|Any CPU
	EndGlobalSection
	GlobalSection(ProjectConfigurationPlatforms) = postSolution
		{98B484F3-F599-42DD-8431-C2A99DBDF3BE}.Debug|Any CPU.ActiveCfg = Debug|Any CPU
		{98B484F3-F599-42DD-8431-C2A99DBDF3BE}.Debug|Any CPU.Build.0 = Debug|Any CPU
		{98B484F3-F599-42DD-8431-C2A99DBDF3BE}.Release|Any CPU.ActiveCfg = Release|Any CPU
		{98B484F3-F599-42DD-8431-C2A99DBDF3BE}.Release|Any CPU.Build.0 = Release|Any CPU
	EndGlobalSection
	GlobalSection(SolutionProperties) = preSolution
		HideSolutionNode = FALSE
	EndGlobalSection
	GlobalSection(ExtensibilityGlobals) = postSolution
		SolutionGuid = {D1BE3B94-6E9C-468D-92E7-C4DAE31E6B1F}
	EndGlobalSection
EndGlobal
